// !$*UTF8*$!
{
	archiveVersion = 1;
	classes = {
	};
	objectVersion = 46;
	objects = {

/* Begin PBXBuildFile section */
		2A5335921ADD94A900187084 /* main.m in Sources */ = {isa = PBXBuildFile; fileRef = 2A5335911ADD94A900187084 /* main.m */; };
		2A5335951ADD94A900187084 /* AppDelegate.m in Sources */ = {isa = PBXBuildFile; fileRef = 2A5335941ADD94A900187084 /* AppDelegate.m */; };
		2A53359B1ADD94A900187084 /* Main.storyboard in Resources */ = {isa = PBXBuildFile; fileRef = 2A5335991ADD94A900187084 /* Main.storyboard */; };
		2A53359D1ADD94A900187084 /* Images.xcassets in Resources */ = {isa = PBXBuildFile; fileRef = 2A53359C1ADD94A900187084 /* Images.xcassets */; };
		2A5335A01ADD94A900187084 /* LaunchScreen.xib in Resources */ = {isa = PBXBuildFile; fileRef = 2A53359E1ADD94A900187084 /* LaunchScreen.xib */; };
		2A5335AC1ADD94A900187084 /* BMDaySevenCustomTableAssignmentTests.m in Sources */ = {isa = PBXBuildFile; fileRef = 2A5335AB1ADD94A900187084 /* BMDaySevenCustomTableAssignmentTests.m */; };
		2A5335B81ADD962400187084 /* CustomTableViewController.m in Sources */ = {isa = PBXBuildFile; fileRef = 2A5335B71ADD962400187084 /* CustomTableViewController.m */; };
/* End PBXBuildFile section */

/* Begin PBXContainerItemProxy section */
		2A5335A61ADD94A900187084 /* PBXContainerItemProxy */ = {
			isa = PBXContainerItemProxy;
			containerPortal = 2A5335841ADD94A800187084 /* Project object */;
			proxyType = 1;
			remoteGlobalIDString = 2A53358B1ADD94A800187084;
			remoteInfo = BMDaySevenCustomTableAssignment;
		};
/* End PBXContainerItemProxy section */

/* Begin PBXFileReference section */
		2A53358C1ADD94A800187084 /* BMDaySevenCustomTableAssignment.app */ = {isa = PBXFileReference; explicitFileType = wrapper.application; includeInIndex = 0; path = BMDaySevenCustomTableAssignment.app; sourceTree = BUILT_PRODUCTS_DIR; };
		2A5335901ADD94A800187084 /* Info.plist */ = {isa = PBXFileReference; lastKnownFileType = text.plist.xml; path = Info.plist; sourceTree = "<group>"; };
		2A5335911ADD94A900187084 /* main.m */ = {isa = PBXFileReference; lastKnownFileType = sourcecode.c.objc; path = main.m; sourceTree = "<group>"; };
		2A5335931ADD94A900187084 /* AppDelegate.h */ = {isa = PBXFileReference; lastKnownFileType = sourcecode.c.h; path = AppDelegate.h; sourceTree = "<group>"; };
		2A5335941ADD94A900187084 /* AppDelegate.m */ = {isa = PBXFileReference; lastKnownFileType = sourcecode.c.objc; path = AppDelegate.m; sourceTree = "<group>"; };
		2A53359A1ADD94A900187084 /* Base */ = {isa = PBXFileReference; lastKnownFileType = file.storyboard; name = Base; path = Base.lproj/Main.storyboard; sourceTree = "<group>"; };
		2A53359C1ADD94A900187084 /* Images.xcassets */ = {isa = PBXFileReference; lastKnownFileType = folder.assetcatalog; path = Images.xcassets; sourceTree = "<group>"; };
		2A53359F1ADD94A900187084 /* Base */ = {isa = PBXFileReference; lastKnownFileType = file.xib; name = Base; path = Base.lproj/LaunchScreen.xib; sourceTree = "<group>"; };
		2A5335A51ADD94A900187084 /* BMDaySevenCustomTableAssignmentTests.xctest */ = {isa = PBXFileReference; explicitFileType = wrapper.cfbundle; includeInIndex = 0; path = BMDaySevenCustomTableAssignmentTests.xctest; sourceTree = BUILT_PRODUCTS_DIR; };
		2A5335AA1ADD94A900187084 /* Info.plist */ = {isa = PBXFileReference; lastKnownFileType = text.plist.xml; path = Info.plist; sourceTree = "<group>"; };
		2A5335AB1ADD94A900187084 /* BMDaySevenCustomTableAssignmentTests.m */ = {isa = PBXFileReference; lastKnownFileType = sourcecode.c.objc; path = BMDaySevenCustomTableAssignmentTests.m; sourceTree = "<group>"; };
		2A5335B61ADD962400187084 /* CustomTableViewController.h */ = {isa = PBXFileReference; fileEncoding = 4; lastKnownFileType = sourcecode.c.h; path = CustomTableViewController.h; sourceTree = "<group>"; };
		2A5335B71ADD962400187084 /* CustomTableViewController.m */ = {isa = PBXFileReference; fileEncoding = 4; lastKnownFileType = sourcecode.c.objc; path = CustomTableViewController.m; sourceTree = "<group>"; };
/* End PBXFileReference section */

/* Begin PBXFrameworksBuildPhase section */
		2A5335891ADD94A800187084 /* Frameworks */ = {
			isa = PBXFrameworksBuildPhase;
			buildActionMask = 2147483647;
			files = (
			);
			runOnlyForDeploymentPostprocessing = 0;
		};
		2A5335A21ADD94A900187084 /* Frameworks */ = {
			isa = PBXFrameworksBuildPhase;
			buildActionMask = 2147483647;
			files = (
			);
			runOnlyForDeploymentPostprocessing = 0;
		};
/* End PBXFrameworksBuildPhase section */

/* Begin PBXGroup section */
		2A5335831ADD94A800187084 = {
			isa = PBXGroup;
			children = (
				2A5335B51ADD95FE00187084 /* Controller */,
				2A53358E1ADD94A800187084 /* BMDaySevenCustomTableAssignment */,
				2A5335A81ADD94A900187084 /* BMDaySevenCustomTableAssignmentTests */,
				2A53358D1ADD94A800187084 /* Products */,
			);
			sourceTree = "<group>";
		};
		2A53358D1ADD94A800187084 /* Products */ = {
			isa = PBXGroup;
			children = (
				2A53358C1ADD94A800187084 /* BMDaySevenCustomTableAssignment.app */,
				2A5335A51ADD94A900187084 /* BMDaySevenCustomTableAssignmentTests.xctest */,
			);
			name = Products;
			sourceTree = "<group>";
		};
		2A53358E1ADD94A800187084 /* BMDaySevenCustomTableAssignment */ = {
			isa = PBXGroup;
			children = (
				2A5335931ADD94A900187084 /* AppDelegate.h */,
				2A5335941ADD94A900187084 /* AppDelegate.m */,
				2A5335991ADD94A900187084 /* Main.storyboard */,
				2A53359C1ADD94A900187084 /* Images.xcassets */,
				2A53359E1ADD94A900187084 /* LaunchScreen.xib */,
				2A53358F1ADD94A800187084 /* Supporting Files */,
			);
			path = BMDaySevenCustomTableAssignment;
			sourceTree = "<group>";
		};
		2A53358F1ADD94A800187084 /* Supporting Files */ = {
			isa = PBXGroup;
			children = (
				2A5335901ADD94A800187084 /* Info.plist */,
				2A5335911ADD94A900187084 /* main.m */,
			);
			name = "Supporting Files";
			sourceTree = "<group>";
		};
		2A5335A81ADD94A900187084 /* BMDaySevenCustomTableAssignmentTests */ = {
			isa = PBXGroup;
			children = (
				2A5335AB1ADD94A900187084 /* BMDaySevenCustomTableAssignmentTests.m */,
				2A5335A91ADD94A900187084 /* Supporting Files */,
			);
			path = BMDaySevenCustomTableAssignmentTests;
			sourceTree = "<group>";
		};
		2A5335A91ADD94A900187084 /* Supporting Files */ = {
			isa = PBXGroup;
			children = (
				2A5335AA1ADD94A900187084 /* Info.plist */,
			);
			name = "Supporting Files";
			sourceTree = "<group>";
		};
		2A5335B51ADD95FE00187084 /* Controller */ = {
			isa = PBXGroup;
			children = (
				2A5335B61ADD962400187084 /* CustomTableViewController.h */,
				2A5335B71ADD962400187084 /* CustomTableViewController.m */,
			);
			name = Controller;
			sourceTree = "<group>";
		};
/* End PBXGroup section */

/* Begin PBXNativeTarget section */
		2A53358B1ADD94A800187084 /* BMDaySevenCustomTableAssignment */ = {
			isa = PBXNativeTarget;
			buildConfigurationList = 2A5335AF1ADD94A900187084 /* Build configuration list for PBXNativeTarget "BMDaySevenCustomTableAssignment" */;
			buildPhases = (
				2A5335881ADD94A800187084 /* Sources */,
				2A5335891ADD94A800187084 /* Frameworks */,
				2A53358A1ADD94A800187084 /* Resources */,
			);
			buildRules = (
			);
			dependencies = (
			);
			name = BMDaySevenCustomTableAssignment;
			productName = BMDaySevenCustomTableAssignment;
			productReference = 2A53358C1ADD94A800187084 /* BMDaySevenCustomTableAssignment.app */;
			productType = "com.apple.product-type.application";
		};
		2A5335A41ADD94A900187084 /* BMDaySevenCustomTableAssignmentTests */ = {
			isa = PBXNativeTarget;
			buildConfigurationList = 2A5335B21ADD94A900187084 /* Build configuration list for PBXNativeTarget "BMDaySevenCustomTableAssignmentTests" */;
			buildPhases = (
				2A5335A11ADD94A900187084 /* Sources */,
				2A5335A21ADD94A900187084 /* Frameworks */,
				2A5335A31ADD94A900187084 /* Resources */,
			);
			buildRules = (
			);
			dependencies = (
				2A5335A71ADD94A900187084 /* PBXTargetDependency */,
			);
			name = BMDaySevenCustomTableAssignmentTests;
			productName = BMDaySevenCustomTableAssignmentTests;
			productReference = 2A5335A51ADD94A900187084 /* BMDaySevenCustomTableAssignmentTests.xctest */;
			productType = "com.apple.product-type.bundle.unit-test";
		};
/* End PBXNativeTarget section */

/* Begin PBXProject section */
		2A5335841ADD94A800187084 /* Project object */ = {
			isa = PBXProject;
			attributes = {
				LastUpgradeCheck = 0630;
				ORGANIZATIONNAME = ProjectDGW;
				TargetAttributes = {
					2A53358B1ADD94A800187084 = {
						CreatedOnToolsVersion = 6.3;
					};
					2A5335A41ADD94A900187084 = {
						CreatedOnToolsVersion = 6.3;
						TestTargetID = 2A53358B1ADD94A800187084;
					};
				};
			};
			buildConfigurationList = 2A5335871ADD94A800187084 /* Build configuration list for PBXProject "BMDaySevenCustomTableAssignment" */;
			compatibilityVersion = "Xcode 3.2";
			developmentRegion = English;
			hasScannedForEncodings = 0;
			knownRegions = (
				en,
				Base,
			);
			mainGroup = 2A5335831ADD94A800187084;
			productRefGroup = 2A53358D1ADD94A800187084 /* Products */;
			projectDirPath = "";
			projectRoot = "";
			targets = (
				2A53358B1ADD94A800187084 /* BMDaySevenCustomTableAssignment */,
				2A5335A41ADD94A900187084 /* BMDaySevenCustomTableAssignmentTests */,
			);
		};
/* End PBXProject section */

/* Begin PBXResourcesBuildPhase section */
		2A53358A1ADD94A800187084 /* Resources */ = {
			isa = PBXResourcesBuildPhase;
			buildActionMask = 2147483647;
			files = (
				2A53359B1ADD94A900187084 /* Main.storyboard in Resources */,
				2A5335A01ADD94A900187084 /* LaunchScreen.xib in Resources */,
				2A53359D1ADD94A900187084 /* Images.xcassets in Resources */,
			);
			runOnlyForDeploymentPostprocessing = 0;
		};
		2A5335A31ADD94A900187084 /* Resources */ = {
			isa = PBXResourcesBuildPhase;
			buildActionMask = 2147483647;
			files = (
			);
			runOnlyForDeploymentPostprocessing = 0;
		};
/* End PBXResourcesBuildPhase section */

/* Begin PBXSourcesBuildPhase section */
		2A5335881ADD94A800187084 /* Sources */ = {
			isa = PBXSourcesBuildPhase;
			buildActionMask = 2147483647;
			files = (
				2A5335951ADD94A900187084 /* AppDelegate.m in Sources */,
				2A5335B81ADD962400187084 /* CustomTableViewController.m in Sources */,
				2A5335921ADD94A900187084 /* main.m in Sources */,
			);
			runOnlyForDeploymentPostprocessing = 0;
		};
		2A5335A11ADD94A900187084 /* Sources */ = {
			isa = PBXSourcesBuildPhase;
			buildActionMask = 2147483647;
			files = (
				2A5335AC1ADD94A900187084 /* BMDaySevenCustomTableAssignmentTests.m in Sources */,
			);
			runOnlyForDeploymentPostprocessing = 0;
		};
/* End PBXSourcesBuildPhase section */

/* Begin PBXTargetDependency section */
		2A5335A71ADD94A900187084 /* PBXTargetDependency */ = {
			isa = PBXTargetDependency;
			target = 2A53358B1ADD94A800187084 /* BMDaySevenCustomTableAssignment */;
			targetProxy = 2A5335A61ADD94A900187084 /* PBXContainerItemProxy */;
		};
/* End PBXTargetDependency section */

/* Begin PBXVariantGroup section */
		2A5335991ADD94A900187084 /* Main.storyboard */ = {
			isa = PBXVariantGroup;
			children = (
				2A53359A1ADD94A900187084 /* Base */,
			);
			name = Main.storyboard;
			sourceTree = "<group>";
		};
		2A53359E1ADD94A900187084 /* LaunchScreen.xib */ = {
			isa = PBXVariantGroup;
			children = (
				2A53359F1ADD94A900187084 /* Base */,
			);
			name = LaunchScreen.xib;
			sourceTree = "<group>";
		};
/* End PBXVariantGroup section */

/* Begin XCBuildConfiguration section */
		2A5335AD1ADD94A900187084 /* Debug */ = {
			isa = XCBuildConfiguration;
			buildSettings = {
				ALWAYS_SEARCH_USER_PATHS = NO;
				CLANG_CXX_LANGUAGE_STANDARD = "gnu++0x";
				CLANG_CXX_LIBRARY = "libc++";
				CLANG_ENABLE_MODULES = YES;
				CLANG_ENABLE_OBJC_ARC = YES;
				CLANG_WARN_BOOL_CONVERSION = YES;
				CLANG_WARN_CONSTANT_CONVERSION = YES;
				CLANG_WARN_DIRECT_OBJC_ISA_USAGE = YES_ERROR;
				CLANG_WARN_EMPTY_BODY = YES;
				CLANG_WARN_ENUM_CONVERSION = YES;
				CLANG_WARN_INT_CONVERSION = YES;
				CLANG_WARN_OBJC_ROOT_CLASS = YES_ERROR;
				CLANG_WARN_UNREACHABLE_CODE = YES;
				CLANG_WARN__DUPLICATE_METHOD_MATCH = YES;
				"CODE_SIGN_IDENTITY[sdk=iphoneos*]" = "iPhone Developer";
				COPY_PHASE_STRIP = NO;
				DEBUG_INFORMATION_FORMAT = "dwarf-with-dsym";
				ENABLE_STRICT_OBJC_MSGSEND = YES;
				GCC_C_LANGUAGE_STANDARD = gnu99;
				GCC_DYNAMIC_NO_PIC = NO;
				GCC_NO_COMMON_BLOCKS = YES;
				GCC_OPTIMIZATION_LEVEL = 0;
				GCC_PREPROCESSOR_DEFINITIONS = (
					"DEBUG=1",
					"$(inherited)",
				);
				GCC_SYMBOLS_PRIVATE_EXTERN = NO;
				GCC_WARN_64_TO_32_BIT_CONVERSION = YES;
				GCC_WARN_ABOUT_RETURN_TYPE = YES_ERROR;
				GCC_WARN_UNDECLARED_SELECTOR = YES;
				GCC_WARN_UNINITIALIZED_AUTOS = YES_AGGRESSIVE;
				GCC_WARN_UNUSED_FUNCTION = YES;
				GCC_WARN_UNUSED_VARIABLE = YES;
				IPHONEOS_DEPLOYMENT_TARGET = 8.3;
				MTL_ENABLE_DEBUG_INFO = YES;
				ONLY_ACTIVE_ARCH = YES;
				SDKROOT = iphoneos;
			};
			name = Debug;
		};
		2A5335AE1ADD94A900187084 /* Release */ = {
			isa = XCBuildConfiguration;
			buildSettings = {
				ALWAYS_SEARCH_USER_PATHS = NO;
				CLANG_CXX_LANGUAGE_STANDARD = "gnu++0x";
				CLANG_CXX_LIBRARY = "libc++";
				CLANG_ENABLE_MODULES = YES;
				CLANG_ENABLE_OBJC_ARC = YES;
				CLANG_WARN_BOOL_CONVERSION = YES;
				CLANG_WARN_CONSTANT_CONVERSION = YES;
				CLANG_WARN_DIRECT_OBJC_ISA_USAGE = YES_ERROR;
				CLANG_WARN_EMPTY_BODY = YES;
				CLANG_WARN_ENUM_CONVERSION = YES;
				CLANG_WARN_INT_CONVERSION = YES;
				CLANG_WARN_OBJC_ROOT_CLASS = YES_ERROR;
				CLANG_WARN_UNREACHABLE_CODE = YES;
				CLANG_WARN__DUPLICATE_METHOD_MATCH = YES;
				"CODE_SIGN_IDENTITY[sdk=iphoneos*]" = "iPhone Developer";
				COPY_PHASE_STRIP = NO;
				DEBUG_INFORMATION_FORMAT = "dwarf-with-dsym";
				ENABLE_NS_ASSERTIONS = NO;
				ENABLE_STRICT_OBJC_MSGSEND = YES;
				GCC_C_LANGUAGE_STANDARD = gnu99;
				GCC_NO_COMMON_BLOCKS = YES;
				GCC_WARN_64_TO_32_BIT_CONVERSION = YES;
				GCC_WARN_ABOUT_RETURN_TYPE = YES_ERROR;
				GCC_WARN_UNDECLARED_SELECTOR = YES;
				GCC_WARN_UNINITIALIZED_AUTOS = YES_AGGRESSIVE;
				GCC_WARN_UNUSED_FUNCTION = YES;
				GCC_WARN_UNUSED_VARIABLE = YES;
				IPHONEOS_DEPLOYMENT_TARGET = 8.3;
				MTL_ENABLE_DEBUG_INFO = NO;
				SDKROOT = iphoneos;
				VALIDATE_PRODUCT = YES;
			};
			name = Release;
		};
		2A5335B01ADD94A900187084 /* Debug */ = {
			isa = XCBuildConfiguration;
			buildSettings = {
				ASSETCATALOG_COMPILER_APPICON_NAME = AppIcon;
				INFOPLIST_FILE = BMDaySevenCustomTableAssignment/Info.plist;
				LD_RUNPATH_SEARCH_PATHS = "$(inherited) @executable_path/Frameworks";
				PRODUCT_NAME = "$(TARGET_NAME)";
			};
			name = Debug;
		};
		2A5335B11ADD94A900187084 /* Release */ = {
			isa = XCBuildConfiguration;
			buildSettings = {
				ASSETCATALOG_COMPILER_APPICON_NAME = AppIcon;
				INFOPLIST_FILE = BMDaySevenCustomTableAssignment/Info.plist;
				LD_RUNPATH_SEARCH_PATHS = "$(inherited) @executable_path/Frameworks";
				PRODUCT_NAME = "$(TARGET_NAME)";
			};
			name = Release;
		};
		2A5335B31ADD94A900187084 /* Debug */ = {
			isa = XCBuildConfiguration;
			buildSettings = {
				BUNDLE_LOADER = "$(TEST_HOST)";
				FRAMEWORK_SEARCH_PATHS = (
					"$(SDKROOT)/Developer/Library/Frameworks",
					"$(inherited)",
				);
				GCC_PREPROCESSOR_DEFINITIONS = (
					"DEBUG=1",
					"$(inherited)",
				);
				INFOPLIST_FILE = BMDaySevenCustomTableAssignmentTests/Info.plist;
				LD_RUNPATH_SEARCH_PATHS = "$(inherited) @executable_path/Frameworks @loader_path/Frameworks";
				PRODUCT_NAME = "$(TARGET_NAME)";
				TEST_HOST = "$(BUILT_PRODUCTS_DIR)/BMDaySevenCustomTableAssignment.app/BMDaySevenCustomTableAssignment";
			};
			name = Debug;
		};
		2A5335B41ADD94A900187084 /* Release */ = {
			isa = XCBuildConfiguration;
			buildSettings = {
				BUNDLE_LOADER = "$(TEST_HOST)";
				FRAMEWORK_SEARCH_PATHS = (
					"$(SDKROOT)/Developer/Library/Frameworks",
					"$(inherited)",
				);
				INFOPLIST_FILE = BMDaySevenCustomTableAssignmentTests/Info.plist;
				LD_RUNPATH_SEARCH_PATHS = "$(inherited) @executable_path/Frameworks @loader_path/Frameworks";
				PRODUCT_NAME = "$(TARGET_NAME)";
				TEST_HOST = "$(BUILT_PRODUCTS_DIR)/BMDaySevenCustomTableAssignment.app/BMDaySevenCustomTableAssignment";
			};
			name = Release;
		};
/* End XCBuildConfiguration section */

/* Begin XCConfigurationList section */
		2A5335871ADD94A800187084 /* Build configuration list for PBXProject "BMDaySevenCustomTableAssignment" */ = {
			isa = XCConfigurationList;
			buildConfigurations = (
				2A5335AD1ADD94A900187084 /* Debug */,
				2A5335AE1ADD94A900187084 /* Release */,
			);
			defaultConfigurationIsVisible = 0;
			defaultConfigurationName = Release;
		};
		2A5335AF1ADD94A900187084 /* Build configuration list for PBXNativeTarget "BMDaySevenCustomTableAssignment" */ = {
			isa = XCConfigurationList;
			buildConfigurations = (
				2A5335B01ADD94A900187084 /* Debug */,
				2A5335B11ADD94A900187084 /* Release */,
			);
			defaultConfigurationIsVisible = 0;
		};
		2A5335B21ADD94A900187084 /* Build configuration list for PBXNativeTarget "BMDaySevenCustomTableAssignmentTests" */ = {
			isa = XCConfigurationList;
			buildConfigurations = (
				2A5335B31ADD94A900187084 /* Debug */,
				2A5335B41ADD94A900187084 /* Release */,
			);
			defaultConfigurationIsVisible = 0;
		};
/* End XCConfigurationList section */
	};
	rootObject = 2A5335841ADD94A800187084 /* Project object */;
}
